
Microsoft Visual Studio Solution File, Format Version 12.00
# Visual Studio Version 17
VisualStudioVersion = 17.11.35208.52
MinimumVisualStudioVersion = 10.0.40219.1
Project("{FAE04EC0-301F-11D3-BF4B-00C04F79EFBC}") = "WindowsFormsApp1", "WindowsFormsApp1.csproj", "{1EA9666C-B006-48F8-B5CF-BA3F2E4441A8}"
EndProject
Global
	GlobalSection(SolutionConfigurationPlatforms) = preSolution
		Debug|Any CPU = Debug|Any CPU
		Release|Any CPU = Release|Any CPU
	EndGlobalSection
	GlobalSection(ProjectConfigurationPlatforms) = postSolution
		{1EA9666C-B006-48F8-B5CF-BA3F2E4441A8}.Debug|Any CPU.ActiveCfg = Debug|Any CPU
		{1EA9666C-B006-48F8-B5CF-BA3F2E4441A8}.Debug|Any CPU.Build.0 = Debug|Any CPU
		{1EA9666C-B006-48F8-B5CF-BA3F2E4441A8}.Release|Any CPU.ActiveCfg = Release|Any CPU
		{1EA9666C-B006-48F8-B5CF-BA3F2E4441A8}.Release|Any CPU.Build.0 = Release|Any CPU
	EndGlobalSection
	GlobalSection(SolutionProperties) = preSolution
		HideSolutionNode = FALSE
	EndGlobalSection
	GlobalSection(ExtensibilityGlobals) = postSolution
		SolutionGuid = {1A5923AE-23D2-4191-8DED-CBCEBF644855}
	EndGlobalSection
EndGlobal
